
Microsoft Visual Studio Solution File, Format Version 12.00
# Visual Studio Version 16
VisualStudioVersion = 16.0.31205.134
MinimumVisualStudioVersion = 10.0.40219.1
Project("{FAE04EC0-301F-11D3-BF4B-00C04F79EFBC}") = "Renomear", "Renomear\Renomear.csproj", "{BC544CC8-7B11-4A07-A603-4D270C959C04}"
EndProject
Global
	GlobalSection(SolutionConfigurationPlatforms) = preSolution
		Debug|Any CPU = Debug|Any CPU
		Release|Any CPU = Release|Any CPU
	EndGlobalSection
	GlobalSection(ProjectConfigurationPlatforms) = postSolution
		{BC544CC8-7B11-4A07-A603-4D270C959C04}.Debug|Any CPU.ActiveCfg = Debug|Any CPU
		{BC544CC8-7B11-4A07-A603-4D270C959C04}.Debug|Any CPU.Build.0 = Debug|Any CPU
		{BC544CC8-7B11-4A07-A603-4D270C959C04}.Release|Any CPU.ActiveCfg = Release|Any CPU
		{BC544CC8-7B11-4A07-A603-4D270C959C04}.Release|Any CPU.Build.0 = Release|Any CPU
	EndGlobalSection
	GlobalSection(SolutionProperties) = preSolution
		HideSolutionNode = FALSE
	EndGlobalSection
	GlobalSection(ExtensibilityGlobals) = postSolution
		SolutionGuid = {4E8403B8-39EA-44CF-8797-7C267FB33DD0}
	EndGlobalSection
EndGlobal
